// !$*UTF8*$!
{
	archiveVersion = 1;
	classes = {
	};
	objectVersion = 46;
	objects = {

/* Begin PBXBuildFile section */
		DE1F01751EA1B63100FC1B99 /* AppDelegate.swift in Sources */ = {isa = PBXBuildFile; fileRef = DE1F01741EA1B63100FC1B99 /* AppDelegate.swift */; };
		DE1F01771EA1B63100FC1B99 /* ViewController.swift in Sources */ = {isa = PBXBuildFile; fileRef = DE1F01761EA1B63100FC1B99 /* ViewController.swift */; };
		DE1F017A1EA1B63100FC1B99 /* Main.storyboard in Resources */ = {isa = PBXBuildFile; fileRef = DE1F01781EA1B63100FC1B99 /* Main.storyboard */; };
		DE1F017C1EA1B63100FC1B99 /* Assets.xcassets in Resources */ = {isa = PBXBuildFile; fileRef = DE1F017B1EA1B63100FC1B99 /* Assets.xcassets */; };
		DE1F017F1EA1B63100FC1B99 /* LaunchScreen.storyboard in Resources */ = {isa = PBXBuildFile; fileRef = DE1F017D1EA1B63100FC1B99 /* LaunchScreen.storyboard */; };
		DEC851C31EA1BCC500E5291F /* CoreLocation.framework in Frameworks */ = {isa = PBXBuildFile; fileRef = DEC851C21EA1BCC500E5291F /* CoreLocation.framework */; };
/* End PBXBuildFile section */

/* Begin PBXFileReference section */
		DE1F01711EA1B63100FC1B99 /* userLocation.app */ = {isa = PBXFileReference; explicitFileType = wrapper.application; includeInIndex = 0; path = userLocation.app; sourceTree = BUILT_PRODUCTS_DIR; };
		DE1F01741EA1B63100FC1B99 /* AppDelegate.swift */ = {isa = PBXFileReference; lastKnownFileType = sourcecode.swift; path = AppDelegate.swift; sourceTree = "<group>"; };
		DE1F01761EA1B63100FC1B99 /* ViewController.swift */ = {isa = PBXFileReference; lastKnownFileType = sourcecode.swift; path = ViewController.swift; sourceTree = "<group>"; };
		DE1F01791EA1B63100FC1B99 /* Base */ = {isa = PBXFileReference; lastKnownFileType = file.storyboard; name = Base; path = Base.lproj/Main.storyboard; sourceTree = "<group>"; };
		DE1F017B1EA1B63100FC1B99 /* Assets.xcassets */ = {isa = PBXFileReference; lastKnownFileType = folder.assetcatalog; path = Assets.xcassets; sourceTree = "<group>"; };
		DE1F017E1EA1B63100FC1B99 /* Base */ = {isa = PBXFileReference; lastKnownFileType = file.storyboard; name = Base; path = Base.lproj/LaunchScreen.storyboard; sourceTree = "<group>"; };
		DE1F01801EA1B63100FC1B99 /* Info.plist */ = {isa = PBXFileReference; lastKnownFileType = text.plist.xml; path = Info.plist; sourceTree = "<group>"; };
		DEC851C21EA1BCC500E5291F /* CoreLocation.framework */ = {isa = PBXFileReference; lastKnownFileType = wrapper.framework; name = CoreLocation.framework; path = System/Library/Frameworks/CoreLocation.framework; sourceTree = SDKROOT; };
/* End PBXFileReference section */

/* Begin PBXFrameworksBuildPhase section */
		DE1F016E1EA1B63100FC1B99 /* Frameworks */ = {
			isa = PBXFrameworksBuildPhase;
			buildActionMask = 2147483647;
			files = (
				DEC851C31EA1BCC500E5291F /* CoreLocation.framework in Frameworks */,
			);
			runOnlyForDeploymentPostprocessing = 0;
		};
/* End PBXFrameworksBuildPhase section */

/* Begin PBXGroup section */
		DE1F01681EA1B63100FC1B99 = {
			isa = PBXGroup;
			children = (
				DE1F01731EA1B63100FC1B99 /* userLocation */,
				DE1F01721EA1B63100FC1B99 /* Products */,
				DEC851C11EA1BCC500E5291F /* Frameworks */,
			);
			sourceTree = "<group>";
		};
		DE1F01721EA1B63100FC1B99 /* Products */ = {
			isa = PBXGroup;
			children = (
				DE1F01711EA1B63100FC1B99 /* userLocation.app */,
			);
			name = Products;
			sourceTree = "<group>";
		};
		DE1F01731EA1B63100FC1B99 /* userLocation */ = {
			isa = PBXGroup;
			children = (
				DE1F01741EA1B63100FC1B99 /* AppDelegate.swift */,
				DE1F01761EA1B63100FC1B99 /* ViewController.swift */,
				DE1F01781EA1B63100FC1B99 /* Main.storyboard */,
				DE1F017B1EA1B63100FC1B99 /* Assets.xcassets */,
				DE1F017D1EA1B63100FC1B99 /* LaunchScreen.storyboard */,
				DE1F01801EA1B63100FC1B99 /* Info.plist */,
			);
			path = userLocation;
			sourceTree = "<group>";
		};
		DEC851C11EA1BCC500E5291F /* Frameworks */ = {
			isa = PBXGroup;
			children = (
				DEC851C21EA1BCC500E5291F /* CoreLocation.framework */,
			);
			name = Frameworks;
			sourceTree = "<group>";
		};
/* End PBXGroup section */

/* Begin PBXNativeTarget section */
		DE1F01701EA1B63100FC1B99 /* userLocation */ = {
			isa = PBXNativeTarget;
			buildConfigurationList = DE1F01831EA1B63100FC1B99 /* Build configuration list for PBXNativeTarget "userLocation" */;
			buildPhases = (
				DE1F016D1EA1B63100FC1B99 /* Sources */,
				DE1F016E1EA1B63100FC1B99 /* Frameworks */,
				DE1F016F1EA1B63100FC1B99 /* Resources */,
			);
			buildRules = (
			);
			dependencies = (
			);
			name = userLocation;
			productName = userLocation;
			productReference = DE1F01711EA1B63100FC1B99 /* userLocation.app */;
			productType = "com.apple.product-type.application";
		};
/* End PBXNativeTarget section */

/* Begin PBXProject section */
		DE1F01691EA1B63100FC1B99 /* Project object */ = {
			isa = PBXProject;
			attributes = {
				LastSwiftUpdateCheck = 0830;
				LastUpgradeCheck = 0830;
				ORGANIZATIONNAME = "Dumb Unicorn";
				TargetAttributes = {
					DE1F01701EA1B63100FC1B99 = {
						CreatedOnToolsVersion = 8.3.1;
						DevelopmentTeam = 42ESUZ8BZJ;
						ProvisioningStyle = Automatic;
					};
				};
			};
			buildConfigurationList = DE1F016C1EA1B63100FC1B99 /* Build configuration list for PBXProject "userLocation" */;
			compatibilityVersion = "Xcode 3.2";
			developmentRegion = English;
			hasScannedForEncodings = 0;
			knownRegions = (
				en,
				Base,
			);
			mainGroup = DE1F01681EA1B63100FC1B99;
			productRefGroup = DE1F01721EA1B63100FC1B99 /* Products */;
			projectDirPath = "";
			projectRoot = "";
			targets = (
				DE1F01701EA1B63100FC1B99 /* userLocation */,
			);
		};
/* End PBXProject section */

/* Begin PBXResourcesBuildPhase section */
		DE1F016F1EA1B63100FC1B99 /* Resources */ = {
			isa = PBXResourcesBuildPhase;
			buildActionMask = 2147483647;
			files = (
				DE1F017F1EA1B63100FC1B99 /* LaunchScreen.storyboard in Resources */,
				DE1F017C1EA1B63100FC1B99 /* Assets.xcassets in Resources */,
				DE1F017A1EA1B63100FC1B99 /* Main.storyboard in Resources */,
			);
			runOnlyForDeploymentPostprocessing = 0;
		};
/* End PBXResourcesBuildPhase section */

/* Begin PBXSourcesBuildPhase section */
		DE1F016D1EA1B63100FC1B99 /* Sources */ = {
			isa = PBXSourcesBuildPhase;
			buildActionMask = 2147483647;
			files = (
				DE1F01771EA1B63100FC1B99 /* ViewController.swift in Sources */,
				DE1F01751EA1B63100FC1B99 /* AppDelegate.swift in Sources */,
			);
			runOnlyForDeploymentPostprocessing = 0;
		};
/* End PBXSourcesBuildPhase section */

/* Begin PBXVariantGroup section */
		DE1F01781EA1B63100FC1B99 /* Main.storyboard */ = {
			isa = PBXVariantGroup;
			children = (
				DE1F01791EA1B63100FC1B99 /* Base */,
			);
			name = Main.storyboard;
			sourceTree = "<group>";
		};
		DE1F017D1EA1B63100FC1B99 /* LaunchScreen.storyboard */ = {
			isa = PBXVariantGroup;
			children = (
				DE1F017E1EA1B63100FC1B99 /* Base */,
			);
			name = LaunchScreen.storyboard;
			sourceTree = "<group>";
		};
/* End PBXVariantGroup section */

/* Begin XCBuildConfiguration section */
		DE1F01811EA1B63100FC1B99 /* Debug */ = {
			isa = XCBuildConfiguration;
			buildSettings = {
				ALWAYS_SEARCH_USER_PATHS = NO;
				CLANG_ANALYZER_NONNULL = YES;
				CLANG_ANALYZER_NUMBER_OBJECT_CONVERSION = YES_AGGRESSIVE;
				CLANG_CXX_LANGUAGE_STANDARD = "gnu++0x";
				CLANG_CXX_LIBRARY = "libc++";
				CLANG_ENABLE_MODULES = YES;
				CLANG_ENABLE_OBJC_ARC = YES;
				CLANG_WARN_BOOL_CONVERSION = YES;
				CLANG_WARN_CONSTANT_CONVERSION = YES;
				CLANG_WARN_DIRECT_OBJC_ISA_USAGE = YES_ERROR;
				CLANG_WARN_DOCUMENTATION_COMMENTS = YES;
				CLANG_WARN_EMPTY_BODY = YES;
				CLANG_WARN_ENUM_CONVERSION = YES;
				CLANG_WARN_INFINITE_RECURSION = YES;
				CLANG_WARN_INT_CONVERSION = YES;
				CLANG_WARN_OBJC_ROOT_CLASS = YES_ERROR;
				CLANG_WARN_SUSPICIOUS_MOVE = YES;
				CLANG_WARN_UNREACHABLE_CODE = YES;
				CLANG_WARN__DUPLICATE_METHOD_MATCH = YES;
				"CODE_SIGN_IDENTITY[sdk=iphoneos*]" = "iPhone Developer";
				COPY_PHASE_STRIP = NO;
				DEBUG_INFORMATION_FORMAT = dwarf;
				ENABLE_STRICT_OBJC_MSGSEND = YES;
				ENABLE_TESTABILITY = YES;
				GCC_C_LANGUAGE_STANDARD = gnu99;
				GCC_DYNAMIC_NO_PIC = NO;
				GCC_NO_COMMON_BLOCKS = YES;
				GCC_OPTIMIZATION_LEVEL = 0;
				GCC_PREPROCESSOR_DEFINITIONS = (
					"DEBUG=1",
					"$(inherited)",
				);
				GCC_WARN_64_TO_32_BIT_CONVERSION = YES;
				GCC_WARN_ABOUT_RETURN_TYPE = YES_ERROR;
				GCC_WARN_UNDECLARED_SELECTOR = YES;
				GCC_WARN_UNINITIALIZED_AUTOS = YES_AGGRESSIVE;
				GCC_WARN_UNUSED_FUNCTION = YES;
				GCC_WARN_UNUSED_VARIABLE = YES;
				IPHONEOS_DEPLOYMENT_TARGET = 10.3;
				MTL_ENABLE_DEBUG_INFO = YES;
				ONLY_ACTIVE_ARCH = YES;
				SDKROOT = iphoneos;
				SWIFT_ACTIVE_COMPILATION_CONDITIONS = DEBUG;
				SWIFT_OPTIMIZATION_LEVEL = "-Onone";
			};
			name = Debug;
		};
		DE1F01821EA1B63100FC1B99 /* Release */ = {
			isa = XCBuildConfiguration;
			buildSettings = {
				ALWAYS_SEARCH_USER_PATHS = NO;
				CLANG_ANALYZER_NONNULL = YES;
				CLANG_ANALYZER_NUMBER_OBJECT_CONVERSION = YES_AGGRESSIVE;
				CLANG_CXX_LANGUAGE_STANDARD = "gnu++0x";
				CLANG_CXX_LIBRARY = "libc++";
				CLANG_ENABLE_MODULES = YES;
				CLANG_ENABLE_OBJC_ARC = YES;
				CLANG_WARN_BOOL_CONVERSION = YES;
				CLANG_WARN_CONSTANT_CONVERSION = YES;
				CLANG_WARN_DIRECT_OBJC_ISA_USAGE = YES_ERROR;
				CLANG_WARN_DOCUMENTATION_COMMENTS = YES;
				CLANG_WARN_EMPTY_BODY = YES;
				CLANG_WARN_ENUM_CONVERSION = YES;
				CLANG_WARN_INFINITE_RECURSION = YES;
				CLANG_WARN_INT_CONVERSION = YES;
				CLANG_WARN_OBJC_ROOT_CLASS = YES_ERROR;
				CLANG_WARN_SUSPICIOUS_MOVE = YES;
				CLANG_WARN_UNREACHABLE_CODE = YES;
				CLANG_WARN__DUPLICATE_METHOD_MATCH = YES;
				"CODE_SIGN_IDENTITY[sdk=iphoneos*]" = "iPhone Developer";
				COPY_PHASE_STRIP = NO;
				DEBUG_INFORMATION_FORMAT = "dwarf-with-dsym";
				ENABLE_NS_ASSERTIONS = NO;
				ENABLE_STRICT_OBJC_MSGSEND = YES;
				GCC_C_LANGUAGE_STANDARD = gnu99;
				GCC_NO_COMMON_BLOCKS = YES;
				GCC_WARN_64_TO_32_BIT_CONVERSION = YES;
				GCC_WARN_ABOUT_RETURN_TYPE = YES_ERROR;
				GCC_WARN_UNDECLARED_SELECTOR = YES;
				GCC_WARN_UNINITIALIZED_AUTOS = YES_AGGRESSIVE;
				GCC_WARN_UNUSED_FUNCTION = YES;
				GCC_WARN_UNUSED_VARIABLE = YES;
				IPHONEOS_DEPLOYMENT_TARGET = 10.3;
				MTL_ENABLE_DEBUG_INFO = NO;
				SDKROOT = iphoneos;
				SWIFT_OPTIMIZATION_LEVEL = "-Owholemodule";
				VALIDATE_PRODUCT = YES;
			};
			name = Release;
		};
		DE1F01841EA1B63100FC1B99 /* Debug */ = {
			isa = XCBuildConfiguration;
			buildSettings = {
				ASSETCATALOG_COMPILER_APPICON_NAME = AppIcon;
				DEVELOPMENT_TEAM = 42ESUZ8BZJ;
				INFOPLIST_FILE = userLocation/Info.plist;
				LD_RUNPATH_SEARCH_PATHS = "$(inherited) @executable_path/Frameworks";
				PRODUCT_BUNDLE_IDENTIFIER = com.DumbUnicorn.userLocation;
				PRODUCT_NAME = "$(TARGET_NAME)";
				SWIFT_VERSION = 3.0;
			};
			name = Debug;
		};
		DE1F01851EA1B63100FC1B99 /* Release */ = {
			isa = XCBuildConfiguration;
			buildSettings = {
				ASSETCATALOG_COMPILER_APPICON_NAME = AppIcon;
				DEVELOPMENT_TEAM = 42ESUZ8BZJ;
				INFOPLIST_FILE = userLocation/Info.plist;
				LD_RUNPATH_SEARCH_PATHS = "$(inherited) @executable_path/Frameworks";
				PRODUCT_BUNDLE_IDENTIFIER = com.DumbUnicorn.userLocation;
				PRODUCT_NAME = "$(TARGET_NAME)";
				SWIFT_VERSION = 3.0;
			};
			name = Release;
		};
/* End XCBuildConfiguration section */

/* Begin XCConfigurationList section */
		DE1F016C1EA1B63100FC1B99 /* Build configuration list for PBXProject "userLocation" */ = {
			isa = XCConfigurationList;
			buildConfigurations = (
				DE1F01811EA1B63100FC1B99 /* Debug */,
				DE1F01821EA1B63100FC1B99 /* Release */,
			);
			defaultConfigurationIsVisible = 0;
			defaultConfigurationName = Release;
		};
		DE1F01831EA1B63100FC1B99 /* Build configuration list for PBXNativeTarget "userLocation" */ = {
			isa = XCConfigurationList;
			buildConfigurations = (
				DE1F01841EA1B63100FC1B99 /* Debug */,
				DE1F01851EA1B63100FC1B99 /* Release */,
			);
			defaultConfigurationIsVisible = 0;
			defaultConfigurationName = Release;
		};
/* End XCConfigurationList section */
	};
	rootObject = DE1F01691EA1B63100FC1B99 /* Project object */;
}
